
Microsoft Visual Studio Solution File, Format Version 12.00
# Visual Studio Version 17
VisualStudioVersion = 17.0.31512.422
MinimumVisualStudioVersion = 10.0.40219.1
Project("{FAE04EC0-301F-11D3-BF4B-00C04F79EFBC}") = "NGSL.lib", "NGSL.lib\NGSL.lib.csproj", "{D213A8E4-6B73-46ED-BC0C-C3E403297369}"
EndProject
Global
	GlobalSection(SolutionConfigurationPlatforms) = preSolution
		Debug|Any CPU = Debug|Any CPU
		Release|Any CPU = Release|Any CPU
	EndGlobalSection
	GlobalSection(ProjectConfigurationPlatforms) = postSolution
		{D213A8E4-6B73-46ED-BC0C-C3E403297369}.Debug|Any CPU.ActiveCfg = Debug|Any CPU
		{D213A8E4-6B73-46ED-BC0C-C3E403297369}.Debug|Any CPU.Build.0 = Debug|Any CPU
		{D213A8E4-6B73-46ED-BC0C-C3E403297369}.Release|Any CPU.ActiveCfg = Release|Any CPU
		{D213A8E4-6B73-46ED-BC0C-C3E403297369}.Release|Any CPU.Build.0 = Release|Any CPU
	EndGlobalSection
	GlobalSection(SolutionProperties) = preSolution
		HideSolutionNode = FALSE
	EndGlobalSection
	GlobalSection(ExtensibilityGlobals) = postSolution
		SolutionGuid = {B2F5EFAF-0013-4823-BCD5-FAA0AFF143C3}
	EndGlobalSection
EndGlobal
